
Microsoft Visual Studio Solution File, Format Version 12.00
# Visual Studio Version 16
VisualStudioVersion = 16.0.30104.148
MinimumVisualStudioVersion = 10.0.40219.1
Project("{FAE04EC0-301F-11D3-BF4B-00C04F79EFBC}") = "MovieRental", "MovieRental\MovieRental.csproj", "{C40F0B17-AA0F-41F9-B1CE-39A2CB0765C6}"
EndProject
Global
	GlobalSection(SolutionConfigurationPlatforms) = preSolution
		Debug|Any CPU = Debug|Any CPU
		Release|Any CPU = Release|Any CPU
	EndGlobalSection
	GlobalSection(ProjectConfigurationPlatforms) = postSolution
		{C40F0B17-AA0F-41F9-B1CE-39A2CB0765C6}.Debug|Any CPU.ActiveCfg = Debug|Any CPU
		{C40F0B17-AA0F-41F9-B1CE-39A2CB0765C6}.Debug|Any CPU.Build.0 = Debug|Any CPU
		{C40F0B17-AA0F-41F9-B1CE-39A2CB0765C6}.Release|Any CPU.ActiveCfg = Release|Any CPU
		{C40F0B17-AA0F-41F9-B1CE-39A2CB0765C6}.Release|Any CPU.Build.0 = Release|Any CPU
	EndGlobalSection
	GlobalSection(SolutionProperties) = preSolution
		HideSolutionNode = FALSE
	EndGlobalSection
	GlobalSection(ExtensibilityGlobals) = postSolution
		SolutionGuid = {EC2950DF-30E4-49EC-8AC5-12C548EBCE16}
	EndGlobalSection
EndGlobal
